
Microsoft Visual Studio Solution File, Format Version 12.00
# Visual Studio Version 17
VisualStudioVersion = 17.8.34330.188
MinimumVisualStudioVersion = 10.0.40219.1
Project("{8BC9CEB8-8B4A-11D0-8D11-00A0C91BC942}") = "sender", "sender\sender.vcxproj", "{A2F81AE0-A9F3-4940-823F-DB8FFEC8DD32}"
EndProject
Project("{8BC9CEB8-8B4A-11D0-8D11-00A0C91BC942}") = "receiver", "receiver\receiver.vcxproj", "{E7A4B3BB-154E-49FE-BC61-887EC70EC359}"
EndProject
Global
	GlobalSection(SolutionConfigurationPlatforms) = preSolution
		Debug|x64 = Debug|x64
		Debug|x86 = Debug|x86
		Release|x64 = Release|x64
		Release|x86 = Release|x86
	EndGlobalSection
	GlobalSection(ProjectConfigurationPlatforms) = postSolution
		{A2F81AE0-A9F3-4940-823F-DB8FFEC8DD32}.Debug|x64.ActiveCfg = Debug|x64
		{A2F81AE0-A9F3-4940-823F-DB8FFEC8DD32}.Debug|x64.Build.0 = Debug|x64
		{A2F81AE0-A9F3-4940-823F-DB8FFEC8DD32}.Debug|x86.ActiveCfg = Debug|Win32
		{A2F81AE0-A9F3-4940-823F-DB8FFEC8DD32}.Debug|x86.Build.0 = Debug|Win32
		{A2F81AE0-A9F3-4940-823F-DB8FFEC8DD32}.Release|x64.ActiveCfg = Release|x64
		{A2F81AE0-A9F3-4940-823F-DB8FFEC8DD32}.Release|x64.Build.0 = Release|x64
		{A2F81AE0-A9F3-4940-823F-DB8FFEC8DD32}.Release|x86.ActiveCfg = Release|Win32
		{A2F81AE0-A9F3-4940-823F-DB8FFEC8DD32}.Release|x86.Build.0 = Release|Win32
		{E7A4B3BB-154E-49FE-BC61-887EC70EC359}.Debug|x64.ActiveCfg = Debug|x64
		{E7A4B3BB-154E-49FE-BC61-887EC70EC359}.Debug|x64.Build.0 = Debug|x64
		{E7A4B3BB-154E-49FE-BC61-887EC70EC359}.Debug|x86.ActiveCfg = Debug|Win32
		{E7A4B3BB-154E-49FE-BC61-887EC70EC359}.Debug|x86.Build.0 = Debug|Win32
		{E7A4B3BB-154E-49FE-BC61-887EC70EC359}.Release|x64.ActiveCfg = Release|x64
		{E7A4B3BB-154E-49FE-BC61-887EC70EC359}.Release|x64.Build.0 = Release|x64
		{E7A4B3BB-154E-49FE-BC61-887EC70EC359}.Release|x86.ActiveCfg = Release|Win32
		{E7A4B3BB-154E-49FE-BC61-887EC70EC359}.Release|x86.Build.0 = Release|Win32
	EndGlobalSection
	GlobalSection(SolutionProperties) = preSolution
		HideSolutionNode = FALSE
	EndGlobalSection
	GlobalSection(ExtensibilityGlobals) = postSolution
		SolutionGuid = {EE5BAA31-E6C4-4654-9D9D-44620D13D833}
	EndGlobalSection
EndGlobal
